
Microsoft Visual Studio Solution File, Format Version 12.00
# Visual Studio Version 17
VisualStudioVersion = 17.7.34202.233
MinimumVisualStudioVersion = 10.0.40219.1
Project("{2150E333-8FDC-42A3-9474-1A3956D46DE8}") = "ApiConsume", "ApiConsume", "{11FF174E-BB6B-4271-9A43-F6E69C5EED70}"
EndProject
Project("{2150E333-8FDC-42A3-9474-1A3956D46DE8}") = "Frontend", "Frontend", "{61130855-0561-4208-8EA7-867F5A5E35C2}"
EndProject
Project("{9A19103F-16F7-4668-BE54-9A1E7A4F7556}") = "HotelProject.WebApi", "ApiConsume\HotelProject.WebApi\HotelProject.WebApi.csproj", "{EF6A89ED-4C2E-43E7-AB08-7B7D2F930D0C}"
EndProject
Project("{9A19103F-16F7-4668-BE54-9A1E7A4F7556}") = "HotelProject.EntityLayer", "ApiConsume\HotelProject.EntityLayer\HotelProject.EntityLayer.csproj", "{B824639D-1C68-4D25-A85C-2D5DAD8A2AB0}"
EndProject
Project("{9A19103F-16F7-4668-BE54-9A1E7A4F7556}") = "HotelProject.DataAccessLayer", "ApiConsume\HotelProject.DataAccessLayer\HotelProject.DataAccessLayer.csproj", "{67ABD78D-FFBC-4FDF-930D-6502CE2A92A5}"
EndProject
Project("{9A19103F-16F7-4668-BE54-9A1E7A4F7556}") = "HotelProject.BusinessLayer", "ApiConsume\HotelProject.BusinessLayer\HotelProject.BusinessLayer.csproj", "{7D77E927-375C-426D-8B70-21566972397B}"
EndProject
Project("{9A19103F-16F7-4668-BE54-9A1E7A4F7556}") = "HotelProject.DtoLayer", "ApiConsume\HotelProject.DtoLayer\HotelProject.DtoLayer.csproj", "{1BD242BA-1786-4C6F-914D-39E69907BD2E}"
EndProject
Project("{9A19103F-16F7-4668-BE54-9A1E7A4F7556}") = "HotelProject.WebUI", "Frontend\HotelProject.WebUI\HotelProject.WebUI.csproj", "{A85D8577-FE44-432D-A7BD-A7C3C3976D42}"
EndProject
Project("{2150E333-8FDC-42A3-9474-1A3956D46DE8}") = "RapidApi", "RapidApi", "{4E22A6AF-1DAE-4202-8D20-3A00A30A3B5B}"
EndProject
Project("{2150E333-8FDC-42A3-9474-1A3956D46DE8}") = "JwtProject", "JwtProject", "{4B5DDB5D-EB48-44A6-AB9A-BF3D719B0C57}"
EndProject
Project("{FAE04EC0-301F-11D3-BF4B-00C04F79EFBC}") = "WebApiJwt", "JwtProject\WebApiJwt\WebApiJwt.csproj", "{E987C687-06FB-4C7A-B187-BC82AA811B7B}"
EndProject
Global
	GlobalSection(SolutionConfigurationPlatforms) = preSolution
		Debug|Any CPU = Debug|Any CPU
		Release|Any CPU = Release|Any CPU
	EndGlobalSection
	GlobalSection(ProjectConfigurationPlatforms) = postSolution
		{EF6A89ED-4C2E-43E7-AB08-7B7D2F930D0C}.Debug|Any CPU.ActiveCfg = Debug|Any CPU
		{EF6A89ED-4C2E-43E7-AB08-7B7D2F930D0C}.Debug|Any CPU.Build.0 = Debug|Any CPU
		{EF6A89ED-4C2E-43E7-AB08-7B7D2F930D0C}.Release|Any CPU.ActiveCfg = Release|Any CPU
		{EF6A89ED-4C2E-43E7-AB08-7B7D2F930D0C}.Release|Any CPU.Build.0 = Release|Any CPU
		{B824639D-1C68-4D25-A85C-2D5DAD8A2AB0}.Debug|Any CPU.ActiveCfg = Debug|Any CPU
		{B824639D-1C68-4D25-A85C-2D5DAD8A2AB0}.Debug|Any CPU.Build.0 = Debug|Any CPU
		{B824639D-1C68-4D25-A85C-2D5DAD8A2AB0}.Release|Any CPU.ActiveCfg = Release|Any CPU
		{B824639D-1C68-4D25-A85C-2D5DAD8A2AB0}.Release|Any CPU.Build.0 = Release|Any CPU
		{67ABD78D-FFBC-4FDF-930D-6502CE2A92A5}.Debug|Any CPU.ActiveCfg = Debug|Any CPU
		{67ABD78D-FFBC-4FDF-930D-6502CE2A92A5}.Debug|Any CPU.Build.0 = Debug|Any CPU
		{67ABD78D-FFBC-4FDF-930D-6502CE2A92A5}.Release|Any CPU.ActiveCfg = Release|Any CPU
		{67ABD78D-FFBC-4FDF-930D-6502CE2A92A5}.Release|Any CPU.Build.0 = Release|Any CPU
		{7D77E927-375C-426D-8B70-21566972397B}.Debug|Any CPU.ActiveCfg = Debug|Any CPU
		{7D77E927-375C-426D-8B70-21566972397B}.Debug|Any CPU.Build.0 = Debug|Any CPU
		{7D77E927-375C-426D-8B70-21566972397B}.Release|Any CPU.ActiveCfg = Release|Any CPU
		{7D77E927-375C-426D-8B70-21566972397B}.Release|Any CPU.Build.0 = Release|Any CPU
		{1BD242BA-1786-4C6F-914D-39E69907BD2E}.Debug|Any CPU.ActiveCfg = Debug|Any CPU
		{1BD242BA-1786-4C6F-914D-39E69907BD2E}.Debug|Any CPU.Build.0 = Debug|Any CPU
		{1BD242BA-1786-4C6F-914D-39E69907BD2E}.Release|Any CPU.ActiveCfg = Release|Any CPU
		{1BD242BA-1786-4C6F-914D-39E69907BD2E}.Release|Any CPU.Build.0 = Release|Any CPU
		{A85D8577-FE44-432D-A7BD-A7C3C3976D42}.Debug|Any CPU.ActiveCfg = Debug|Any CPU
		{A85D8577-FE44-432D-A7BD-A7C3C3976D42}.Debug|Any CPU.Build.0 = Debug|Any CPU
		{A85D8577-FE44-432D-A7BD-A7C3C3976D42}.Release|Any CPU.ActiveCfg = Release|Any CPU
		{A85D8577-FE44-432D-A7BD-A7C3C3976D42}.Release|Any CPU.Build.0 = Release|Any CPU
		{E987C687-06FB-4C7A-B187-BC82AA811B7B}.Debug|Any CPU.ActiveCfg = Debug|Any CPU
		{E987C687-06FB-4C7A-B187-BC82AA811B7B}.Debug|Any CPU.Build.0 = Debug|Any CPU
		{E987C687-06FB-4C7A-B187-BC82AA811B7B}.Release|Any CPU.ActiveCfg = Release|Any CPU
		{E987C687-06FB-4C7A-B187-BC82AA811B7B}.Release|Any CPU.Build.0 = Release|Any CPU
	EndGlobalSection
	GlobalSection(SolutionProperties) = preSolution
		HideSolutionNode = FALSE
	EndGlobalSection
	GlobalSection(NestedProjects) = preSolution
		{EF6A89ED-4C2E-43E7-AB08-7B7D2F930D0C} = {11FF174E-BB6B-4271-9A43-F6E69C5EED70}
		{B824639D-1C68-4D25-A85C-2D5DAD8A2AB0} = {11FF174E-BB6B-4271-9A43-F6E69C5EED70}
		{67ABD78D-FFBC-4FDF-930D-6502CE2A92A5} = {11FF174E-BB6B-4271-9A43-F6E69C5EED70}
		{7D77E927-375C-426D-8B70-21566972397B} = {11FF174E-BB6B-4271-9A43-F6E69C5EED70}
		{1BD242BA-1786-4C6F-914D-39E69907BD2E} = {11FF174E-BB6B-4271-9A43-F6E69C5EED70}
		{A85D8577-FE44-432D-A7BD-A7C3C3976D42} = {61130855-0561-4208-8EA7-867F5A5E35C2}
		{E987C687-06FB-4C7A-B187-BC82AA811B7B} = {4B5DDB5D-EB48-44A6-AB9A-BF3D719B0C57}
	EndGlobalSection
	GlobalSection(ExtensibilityGlobals) = postSolution
		SolutionGuid = {921AD9E4-0AED-4B0D-9492-752E1D6B7D2D}
	EndGlobalSection
EndGlobal
